
Microsoft Visual Studio Solution File, Format Version 12.00
# Visual Studio 14
VisualStudioVersion = 14.0.25420.1
MinimumVisualStudioVersion = 10.0.40219.1
Project("{FAE04EC0-301F-11D3-BF4B-00C04F79EFBC}") = "OperatorOverloadExample", "OperatorOverloadExample\OperatorOverloadExample.csproj", "{6E60CEAC-A412-4231-8EAC-27172B5FA8BA}"
EndProject
Global
	GlobalSection(SolutionConfigurationPlatforms) = preSolution
		Debug|Any CPU = Debug|Any CPU
		Release|Any CPU = Release|Any CPU
	EndGlobalSection
	GlobalSection(ProjectConfigurationPlatforms) = postSolution
		{6E60CEAC-A412-4231-8EAC-27172B5FA8BA}.Debug|Any CPU.ActiveCfg = Debug|Any CPU
		{6E60CEAC-A412-4231-8EAC-27172B5FA8BA}.Debug|Any CPU.Build.0 = Debug|Any CPU
		{6E60CEAC-A412-4231-8EAC-27172B5FA8BA}.Release|Any CPU.ActiveCfg = Release|Any CPU
		{6E60CEAC-A412-4231-8EAC-27172B5FA8BA}.Release|Any CPU.Build.0 = Release|Any CPU
	EndGlobalSection
	GlobalSection(SolutionProperties) = preSolution
		HideSolutionNode = FALSE
	EndGlobalSection
EndGlobal
