
Microsoft Visual Studio Solution File, Format Version 12.00
# Visual Studio Version 16
VisualStudioVersion = 16.0.33927.289
MinimumVisualStudioVersion = 10.0.40219.1
Project("{FAE04EC0-301F-11D3-BF4B-00C04F79EFBC}") = "EmployeeCRUDApplicationExample_VideoPart3", "EmployeeCRUDApplicationExample_VideoPart3\EmployeeCRUDApplicationExample_VideoPart3.csproj", "{EC8394E8-E7F0-4E78-B0FC-11437ACB44D7}"
EndProject
Project("{FAE04EC0-301F-11D3-BF4B-00C04F79EFBC}") = "EmployeeComponent", "EmployeeComponent\EmployeeComponent.csproj", "{F2B49E59-98E9-4BBC-97BE-D328A81DF3FD}"
EndProject
Global
	GlobalSection(SolutionConfigurationPlatforms) = preSolution
		Debug|Any CPU = Debug|Any CPU
		Release|Any CPU = Release|Any CPU
	EndGlobalSection
	GlobalSection(ProjectConfigurationPlatforms) = postSolution
		{EC8394E8-E7F0-4E78-B0FC-11437ACB44D7}.Debug|Any CPU.ActiveCfg = Debug|Any CPU
		{EC8394E8-E7F0-4E78-B0FC-11437ACB44D7}.Debug|Any CPU.Build.0 = Debug|Any CPU
		{EC8394E8-E7F0-4E78-B0FC-11437ACB44D7}.Release|Any CPU.ActiveCfg = Release|Any CPU
		{EC8394E8-E7F0-4E78-B0FC-11437ACB44D7}.Release|Any CPU.Build.0 = Release|Any CPU
		{F2B49E59-98E9-4BBC-97BE-D328A81DF3FD}.Debug|Any CPU.ActiveCfg = Debug|Any CPU
		{F2B49E59-98E9-4BBC-97BE-D328A81DF3FD}.Debug|Any CPU.Build.0 = Debug|Any CPU
		{F2B49E59-98E9-4BBC-97BE-D328A81DF3FD}.Release|Any CPU.ActiveCfg = Release|Any CPU
		{F2B49E59-98E9-4BBC-97BE-D328A81DF3FD}.Release|Any CPU.Build.0 = Release|Any CPU
	EndGlobalSection
	GlobalSection(SolutionProperties) = preSolution
		HideSolutionNode = FALSE
	EndGlobalSection
	GlobalSection(ExtensibilityGlobals) = postSolution
		SolutionGuid = {7691A03E-8902-48BF-A7C3-8DDF6DDEC941}
	EndGlobalSection
EndGlobal
