
Microsoft Visual Studio Solution File, Format Version 12.00
# Visual Studio Version 16
VisualStudioVersion = 16.0.33927.289
MinimumVisualStudioVersion = 10.0.40219.1
Project("{FAE04EC0-301F-11D3-BF4B-00C04F79EFBC}") = "ProductsStore_InheritanceExample", "ProductsStore_InheritanceExample\ProductsStore_InheritanceExample.csproj", "{DEBD43C3-5DA5-4CF9-BD68-2E43815BDDC7}"
EndProject
Global
	GlobalSection(SolutionConfigurationPlatforms) = preSolution
		Debug|Any CPU = Debug|Any CPU
		Release|Any CPU = Release|Any CPU
	EndGlobalSection
	GlobalSection(ProjectConfigurationPlatforms) = postSolution
		{DEBD43C3-5DA5-4CF9-BD68-2E43815BDDC7}.Debug|Any CPU.ActiveCfg = Debug|Any CPU
		{DEBD43C3-5DA5-4CF9-BD68-2E43815BDDC7}.Debug|Any CPU.Build.0 = Debug|Any CPU
		{DEBD43C3-5DA5-4CF9-BD68-2E43815BDDC7}.Release|Any CPU.ActiveCfg = Release|Any CPU
		{DEBD43C3-5DA5-4CF9-BD68-2E43815BDDC7}.Release|Any CPU.Build.0 = Release|Any CPU
	EndGlobalSection
	GlobalSection(SolutionProperties) = preSolution
		HideSolutionNode = FALSE
	EndGlobalSection
	GlobalSection(ExtensibilityGlobals) = postSolution
		SolutionGuid = {294FA1DC-9413-4A25-83EB-93C156EE7583}
	EndGlobalSection
EndGlobal
