
Microsoft Visual Studio Solution File, Format Version 12.00
# Visual Studio Version 16
VisualStudioVersion = 16.0.34031.81
MinimumVisualStudioVersion = 10.0.40219.1
Project("{FAE04EC0-301F-11D3-BF4B-00C04F79EFBC}") = "BasicCalculator", "BasicCalculator\BasicCalculator.csproj", "{8928E1C5-F14F-402F-B6A7-82CA266CC65C}"
EndProject
Global
	GlobalSection(SolutionConfigurationPlatforms) = preSolution
		Debug|Any CPU = Debug|Any CPU
		Release|Any CPU = Release|Any CPU
	EndGlobalSection
	GlobalSection(ProjectConfigurationPlatforms) = postSolution
		{8928E1C5-F14F-402F-B6A7-82CA266CC65C}.Debug|Any CPU.ActiveCfg = Debug|Any CPU
		{8928E1C5-F14F-402F-B6A7-82CA266CC65C}.Debug|Any CPU.Build.0 = Debug|Any CPU
		{8928E1C5-F14F-402F-B6A7-82CA266CC65C}.Release|Any CPU.ActiveCfg = Release|Any CPU
		{8928E1C5-F14F-402F-B6A7-82CA266CC65C}.Release|Any CPU.Build.0 = Release|Any CPU
	EndGlobalSection
	GlobalSection(SolutionProperties) = preSolution
		HideSolutionNode = FALSE
	EndGlobalSection
	GlobalSection(ExtensibilityGlobals) = postSolution
		SolutionGuid = {D38B160B-FDDC-45C5-8F98-FBDE89AF6E55}
	EndGlobalSection
EndGlobal
